
Microsoft Visual Studio Solution File, Format Version 12.00
# Visual Studio Version 16
VisualStudioVersion = 16.0.30804.86
MinimumVisualStudioVersion = 10.0.40219.1
Project("{FAE04EC0-301F-11D3-BF4B-00C04F79EFBC}") = "ClassmatesLab8", "ClassmatesLab8.csproj", "{434A805F-C858-41FC-8387-4177B54EEC61}"
EndProject
Global
	GlobalSection(SolutionConfigurationPlatforms) = preSolution
		Debug|Any CPU = Debug|Any CPU
		Release|Any CPU = Release|Any CPU
	EndGlobalSection
	GlobalSection(ProjectConfigurationPlatforms) = postSolution
		{434A805F-C858-41FC-8387-4177B54EEC61}.Debug|Any CPU.ActiveCfg = Debug|Any CPU
		{434A805F-C858-41FC-8387-4177B54EEC61}.Debug|Any CPU.Build.0 = Debug|Any CPU
		{434A805F-C858-41FC-8387-4177B54EEC61}.Release|Any CPU.ActiveCfg = Release|Any CPU
		{434A805F-C858-41FC-8387-4177B54EEC61}.Release|Any CPU.Build.0 = Release|Any CPU
	EndGlobalSection
	GlobalSection(SolutionProperties) = preSolution
		HideSolutionNode = FALSE
	EndGlobalSection
	GlobalSection(ExtensibilityGlobals) = postSolution
		SolutionGuid = {52CBC72E-0B6F-424E-B73C-82ACEB3272D9}
	EndGlobalSection
EndGlobal
